// !$*UTF8*$!
{
	archiveVersion = 1;
	classes = {
	};
	objectVersion = 50;
	objects = {

/* Begin PBXBuildFile section */
		D7919E6420EB58A50070D58C /* AppDelegate.swift in Sources */ = {isa = PBXBuildFile; fileRef = D7919E6320EB58A50070D58C /* AppDelegate.swift */; };
		D7919E6620EB58A50070D58C /* ViewController.swift in Sources */ = {isa = PBXBuildFile; fileRef = D7919E6520EB58A50070D58C /* ViewController.swift */; };
		D7919E6920EB58A50070D58C /* Main.storyboard in Resources */ = {isa = PBXBuildFile; fileRef = D7919E6720EB58A50070D58C /* Main.storyboard */; };
		D7919E6B20EB58A50070D58C /* Assets.xcassets in Resources */ = {isa = PBXBuildFile; fileRef = D7919E6A20EB58A50070D58C /* Assets.xcassets */; };
		D7919E6E20EB58A50070D58C /* LaunchScreen.storyboard in Resources */ = {isa = PBXBuildFile; fileRef = D7919E6C20EB58A50070D58C /* LaunchScreen.storyboard */; };
		D7E1D30E20EB6E9800363E6B /* snapySDK.framework in Frameworks */ = {isa = PBXBuildFile; fileRef = D7E1D30D20EB6E9700363E6B /* snapySDK.framework */; };
		D7E1D31020EB6F1F00363E6B /* snapySDK.framework in Frameworks */ = {isa = PBXBuildFile; fileRef = D7E1D30D20EB6E9700363E6B /* snapySDK.framework */; };
		D7E1D31120EB6F1F00363E6B /* snapySDK.framework in Embed Frameworks */ = {isa = PBXBuildFile; fileRef = D7E1D30D20EB6E9700363E6B /* snapySDK.framework */; settings = {ATTRIBUTES = (CodeSignOnCopy, RemoveHeadersOnCopy, ); }; };
/* End PBXBuildFile section */

/* Begin PBXCopyFilesBuildPhase section */
		D7E1D31220EB6F1F00363E6B /* Embed Frameworks */ = {
			isa = PBXCopyFilesBuildPhase;
			buildActionMask = 2147483647;
			dstPath = "";
			dstSubfolderSpec = 10;
			files = (
				D7E1D31120EB6F1F00363E6B /* snapySDK.framework in Embed Frameworks */,
			);
			name = "Embed Frameworks";
			runOnlyForDeploymentPostprocessing = 0;
		};
/* End PBXCopyFilesBuildPhase section */

/* Begin PBXFileReference section */
		18C277DB20EB6FD600C299EE /* Testfunction-Bridging-Header.h */ = {isa = PBXFileReference; lastKnownFileType = sourcecode.c.h; path = "Testfunction-Bridging-Header.h"; sourceTree = "<group>"; };
		D7919E6020EB58A50070D58C /* Testfunction.app */ = {isa = PBXFileReference; explicitFileType = wrapper.application; includeInIndex = 0; path = Testfunction.app; sourceTree = BUILT_PRODUCTS_DIR; };
		D7919E6320EB58A50070D58C /* AppDelegate.swift */ = {isa = PBXFileReference; lastKnownFileType = sourcecode.swift; path = AppDelegate.swift; sourceTree = "<group>"; };
		D7919E6520EB58A50070D58C /* ViewController.swift */ = {isa = PBXFileReference; lastKnownFileType = sourcecode.swift; path = ViewController.swift; sourceTree = "<group>"; };
		D7919E6820EB58A50070D58C /* Base */ = {isa = PBXFileReference; lastKnownFileType = file.storyboard; name = Base; path = Base.lproj/Main.storyboard; sourceTree = "<group>"; };
		D7919E6A20EB58A50070D58C /* Assets.xcassets */ = {isa = PBXFileReference; lastKnownFileType = folder.assetcatalog; path = Assets.xcassets; sourceTree = "<group>"; };
		D7919E6D20EB58A50070D58C /* Base */ = {isa = PBXFileReference; lastKnownFileType = file.storyboard; name = Base; path = Base.lproj/LaunchScreen.storyboard; sourceTree = "<group>"; };
		D7919E6F20EB58A50070D58C /* Info.plist */ = {isa = PBXFileReference; lastKnownFileType = text.plist.xml; path = Info.plist; sourceTree = "<group>"; };
		D7E1D30D20EB6E9700363E6B /* snapySDK.framework */ = {isa = PBXFileReference; lastKnownFileType = wrapper.framework; path = snapySDK.framework; sourceTree = "<group>"; };
/* End PBXFileReference section */

/* Begin PBXFrameworksBuildPhase section */
		D7919E5D20EB58A50070D58C /* Frameworks */ = {
			isa = PBXFrameworksBuildPhase;
			buildActionMask = 2147483647;
			files = (
				D7E1D30E20EB6E9800363E6B /* snapySDK.framework in Frameworks */,
				D7E1D31020EB6F1F00363E6B /* snapySDK.framework in Frameworks */,
			);
			runOnlyForDeploymentPostprocessing = 0;
		};
/* End PBXFrameworksBuildPhase section */

/* Begin PBXGroup section */
		D7919E5720EB58A50070D58C = {
			isa = PBXGroup;
			children = (
				D7E1D30D20EB6E9700363E6B /* snapySDK.framework */,
				D7919E6220EB58A50070D58C /* Testfunction */,
				D7919E6120EB58A50070D58C /* Products */,
				18C277DB20EB6FD600C299EE /* Testfunction-Bridging-Header.h */,
			);
			sourceTree = "<group>";
		};
		D7919E6120EB58A50070D58C /* Products */ = {
			isa = PBXGroup;
			children = (
				D7919E6020EB58A50070D58C /* Testfunction.app */,
			);
			name = Products;
			sourceTree = "<group>";
		};
		D7919E6220EB58A50070D58C /* Testfunction */ = {
			isa = PBXGroup;
			children = (
				D7919E6320EB58A50070D58C /* AppDelegate.swift */,
				D7919E6520EB58A50070D58C /* ViewController.swift */,
				D7919E6720EB58A50070D58C /* Main.storyboard */,
				D7919E6A20EB58A50070D58C /* Assets.xcassets */,
				D7919E6C20EB58A50070D58C /* LaunchScreen.storyboard */,
				D7919E6F20EB58A50070D58C /* Info.plist */,
			);
			path = Testfunction;
			sourceTree = "<group>";
		};
/* End PBXGroup section */

/* Begin PBXNativeTarget section */
		D7919E5F20EB58A50070D58C /* Testfunction */ = {
			isa = PBXNativeTarget;
			buildConfigurationList = D7919E7220EB58A50070D58C /* Build configuration list for PBXNativeTarget "Testfunction" */;
			buildPhases = (
				D7919E5C20EB58A50070D58C /* Sources */,
				D7919E5D20EB58A50070D58C /* Frameworks */,
				D7919E5E20EB58A50070D58C /* Resources */,
				D7E1D31220EB6F1F00363E6B /* Embed Frameworks */,
			);
			buildRules = (
			);
			dependencies = (
			);
			name = Testfunction;
			productName = Testfunction;
			productReference = D7919E6020EB58A50070D58C /* Testfunction.app */;
			productType = "com.apple.product-type.application";
		};
/* End PBXNativeTarget section */

/* Begin PBXProject section */
		D7919E5820EB58A50070D58C /* Project object */ = {
			isa = PBXProject;
			attributes = {
				LastSwiftUpdateCheck = 0940;
				LastUpgradeCheck = 0940;
				ORGANIZATIONNAME = Octatrades;
				TargetAttributes = {
					D7919E5F20EB58A50070D58C = {
						CreatedOnToolsVersion = 9.4.1;
						LastSwiftMigration = 0940;
					};
				};
			};
			buildConfigurationList = D7919E5B20EB58A50070D58C /* Build configuration list for PBXProject "Testfunction" */;
			compatibilityVersion = "Xcode 9.3";
			developmentRegion = en;
			hasScannedForEncodings = 0;
			knownRegions = (
				en,
				Base,
			);
			mainGroup = D7919E5720EB58A50070D58C;
			productRefGroup = D7919E6120EB58A50070D58C /* Products */;
			projectDirPath = "";
			projectRoot = "";
			targets = (
				D7919E5F20EB58A50070D58C /* Testfunction */,
			);
		};
/* End PBXProject section */

/* Begin PBXResourcesBuildPhase section */
		D7919E5E20EB58A50070D58C /* Resources */ = {
			isa = PBXResourcesBuildPhase;
			buildActionMask = 2147483647;
			files = (
				D7919E6E20EB58A50070D58C /* LaunchScreen.storyboard in Resources */,
				D7919E6B20EB58A50070D58C /* Assets.xcassets in Resources */,
				D7919E6920EB58A50070D58C /* Main.storyboard in Resources */,
			);
			runOnlyForDeploymentPostprocessing = 0;
		};
/* End PBXResourcesBuildPhase section */

/* Begin PBXSourcesBuildPhase section */
		D7919E5C20EB58A50070D58C /* Sources */ = {
			isa = PBXSourcesBuildPhase;
			buildActionMask = 2147483647;
			files = (
				D7919E6620EB58A50070D58C /* ViewController.swift in Sources */,
				D7919E6420EB58A50070D58C /* AppDelegate.swift in Sources */,
			);
			runOnlyForDeploymentPostprocessing = 0;
		};
/* End PBXSourcesBuildPhase section */

/* Begin PBXVariantGroup section */
		D7919E6720EB58A50070D58C /* Main.storyboard */ = {
			isa = PBXVariantGroup;
			children = (
				D7919E6820EB58A50070D58C /* Base */,
			);
			name = Main.storyboard;
			sourceTree = "<group>";
		};
		D7919E6C20EB58A50070D58C /* LaunchScreen.storyboard */ = {
			isa = PBXVariantGroup;
			children = (
				D7919E6D20EB58A50070D58C /* Base */,
			);
			name = LaunchScreen.storyboard;
			sourceTree = "<group>";
		};
/* End PBXVariantGroup section */

/* Begin XCBuildConfiguration section */
		D7919E7020EB58A50070D58C /* Debug */ = {
			isa = XCBuildConfiguration;
			buildSettings = {
				ALWAYS_SEARCH_USER_PATHS = NO;
				CLANG_ANALYZER_NONNULL = YES;
				CLANG_ANALYZER_NUMBER_OBJECT_CONVERSION = YES_AGGRESSIVE;
				CLANG_CXX_LANGUAGE_STANDARD = "gnu++14";
				CLANG_CXX_LIBRARY = "libc++";
				CLANG_ENABLE_MODULES = YES;
				CLANG_ENABLE_OBJC_ARC = YES;
				CLANG_ENABLE_OBJC_WEAK = YES;
				CLANG_WARN_BLOCK_CAPTURE_AUTORELEASING = YES;
				CLANG_WARN_BOOL_CONVERSION = YES;
				CLANG_WARN_COMMA = YES;
				CLANG_WARN_CONSTANT_CONVERSION = YES;
				CLANG_WARN_DEPRECATED_OBJC_IMPLEMENTATIONS = YES;
				CLANG_WARN_DIRECT_OBJC_ISA_USAGE = YES_ERROR;
				CLANG_WARN_DOCUMENTATION_COMMENTS = YES;
				CLANG_WARN_EMPTY_BODY = YES;
				CLANG_WARN_ENUM_CONVERSION = YES;
				CLANG_WARN_INFINITE_RECURSION = YES;
				CLANG_WARN_INT_CONVERSION = YES;
				CLANG_WARN_NON_LITERAL_NULL_CONVERSION = YES;
				CLANG_WARN_OBJC_IMPLICIT_RETAIN_SELF = YES;
				CLANG_WARN_OBJC_LITERAL_CONVERSION = YES;
				CLANG_WARN_OBJC_ROOT_CLASS = YES_ERROR;
				CLANG_WARN_RANGE_LOOP_ANALYSIS = YES;
				CLANG_WARN_STRICT_PROTOTYPES = YES;
				CLANG_WARN_SUSPICIOUS_MOVE = YES;
				CLANG_WARN_UNGUARDED_AVAILABILITY = YES_AGGRESSIVE;
				CLANG_WARN_UNREACHABLE_CODE = YES;
				CLANG_WARN__DUPLICATE_METHOD_MATCH = YES;
				CODE_SIGN_IDENTITY = "iPhone Developer";
				COPY_PHASE_STRIP = NO;
				DEBUG_INFORMATION_FORMAT = dwarf;
				ENABLE_STRICT_OBJC_MSGSEND = YES;
				ENABLE_TESTABILITY = YES;
				GCC_C_LANGUAGE_STANDARD = gnu11;
				GCC_DYNAMIC_NO_PIC = NO;
				GCC_NO_COMMON_BLOCKS = YES;
				GCC_OPTIMIZATION_LEVEL = 0;
				GCC_PREPROCESSOR_DEFINITIONS = (
					"DEBUG=1",
					"$(inherited)",
				);
				GCC_WARN_64_TO_32_BIT_CONVERSION = YES;
				GCC_WARN_ABOUT_RETURN_TYPE = YES_ERROR;
				GCC_WARN_UNDECLARED_SELECTOR = YES;
				GCC_WARN_UNINITIALIZED_AUTOS = YES_AGGRESSIVE;
				GCC_WARN_UNUSED_FUNCTION = YES;
				GCC_WARN_UNUSED_VARIABLE = YES;
				IPHONEOS_DEPLOYMENT_TARGET = 11.4;
				MTL_ENABLE_DEBUG_INFO = YES;
				ONLY_ACTIVE_ARCH = YES;
				SDKROOT = iphoneos;
				SWIFT_ACTIVE_COMPILATION_CONDITIONS = DEBUG;
				SWIFT_OPTIMIZATION_LEVEL = "-Onone";
			};
			name = Debug;
		};
		D7919E7120EB58A50070D58C /* Release */ = {
			isa = XCBuildConfiguration;
			buildSettings = {
				ALWAYS_SEARCH_USER_PATHS = NO;
				CLANG_ANALYZER_NONNULL = YES;
				CLANG_ANALYZER_NUMBER_OBJECT_CONVERSION = YES_AGGRESSIVE;
				CLANG_CXX_LANGUAGE_STANDARD = "gnu++14";
				CLANG_CXX_LIBRARY = "libc++";
				CLANG_ENABLE_MODULES = YES;
				CLANG_ENABLE_OBJC_ARC = YES;
				CLANG_ENABLE_OBJC_WEAK = YES;
				CLANG_WARN_BLOCK_CAPTURE_AUTORELEASING = YES;
				CLANG_WARN_BOOL_CONVERSION = YES;
				CLANG_WARN_COMMA = YES;
				CLANG_WARN_CONSTANT_CONVERSION = YES;
				CLANG_WARN_DEPRECATED_OBJC_IMPLEMENTATIONS = YES;
				CLANG_WARN_DIRECT_OBJC_ISA_USAGE = YES_ERROR;
				CLANG_WARN_DOCUMENTATION_COMMENTS = YES;
				CLANG_WARN_EMPTY_BODY = YES;
				CLANG_WARN_ENUM_CONVERSION = YES;
				CLANG_WARN_INFINITE_RECURSION = YES;
				CLANG_WARN_INT_CONVERSION = YES;
				CLANG_WARN_NON_LITERAL_NULL_CONVERSION = YES;
				CLANG_WARN_OBJC_IMPLICIT_RETAIN_SELF = YES;
				CLANG_WARN_OBJC_LITERAL_CONVERSION = YES;
				CLANG_WARN_OBJC_ROOT_CLASS = YES_ERROR;
				CLANG_WARN_RANGE_LOOP_ANALYSIS = YES;
				CLANG_WARN_STRICT_PROTOTYPES = YES;
				CLANG_WARN_SUSPICIOUS_MOVE = YES;
				CLANG_WARN_UNGUARDED_AVAILABILITY = YES_AGGRESSIVE;
				CLANG_WARN_UNREACHABLE_CODE = YES;
				CLANG_WARN__DUPLICATE_METHOD_MATCH = YES;
				CODE_SIGN_IDENTITY = "iPhone Developer";
				COPY_PHASE_STRIP = NO;
				DEBUG_INFORMATION_FORMAT = "dwarf-with-dsym";
				ENABLE_NS_ASSERTIONS = NO;
				ENABLE_STRICT_OBJC_MSGSEND = YES;
				GCC_C_LANGUAGE_STANDARD = gnu11;
				GCC_NO_COMMON_BLOCKS = YES;
				GCC_WARN_64_TO_32_BIT_CONVERSION = YES;
				GCC_WARN_ABOUT_RETURN_TYPE = YES_ERROR;
				GCC_WARN_UNDECLARED_SELECTOR = YES;
				GCC_WARN_UNINITIALIZED_AUTOS = YES_AGGRESSIVE;
				GCC_WARN_UNUSED_FUNCTION = YES;
				GCC_WARN_UNUSED_VARIABLE = YES;
				IPHONEOS_DEPLOYMENT_TARGET = 11.4;
				MTL_ENABLE_DEBUG_INFO = NO;
				SDKROOT = iphoneos;
				SWIFT_COMPILATION_MODE = wholemodule;
				SWIFT_OPTIMIZATION_LEVEL = "-O";
				VALIDATE_PRODUCT = YES;
			};
			name = Release;
		};
		D7919E7320EB58A50070D58C /* Debug */ = {
			isa = XCBuildConfiguration;
			buildSettings = {
				ASSETCATALOG_COMPILER_APPICON_NAME = AppIcon;
				CLANG_ENABLE_MODULES = YES;
				CODE_SIGN_STYLE = Automatic;
				FRAMEWORK_SEARCH_PATHS = (
					"$(inherited)",
					"$(PROJECT_DIR)",
				);
				INFOPLIST_FILE = Testfunction/Info.plist;
				LD_RUNPATH_SEARCH_PATHS = (
					"$(inherited)",
					"@executable_path/Frameworks",
				);
				PRODUCT_BUNDLE_IDENTIFIER = Octatrades.Testfunction;
				PRODUCT_NAME = "$(TARGET_NAME)";
				SWIFT_OBJC_BRIDGING_HEADER = "Testfunction-Bridging-Header.h";
				SWIFT_OPTIMIZATION_LEVEL = "-Onone";
				SWIFT_VERSION = 4.0;
				TARGETED_DEVICE_FAMILY = "1,2";
			};
			name = Debug;
		};
		D7919E7420EB58A50070D58C /* Release */ = {
			isa = XCBuildConfiguration;
			buildSettings = {
				ASSETCATALOG_COMPILER_APPICON_NAME = AppIcon;
				CLANG_ENABLE_MODULES = YES;
				CODE_SIGN_STYLE = Automatic;
				FRAMEWORK_SEARCH_PATHS = (
					"$(inherited)",
					"$(PROJECT_DIR)",
				);
				INFOPLIST_FILE = Testfunction/Info.plist;
				LD_RUNPATH_SEARCH_PATHS = (
					"$(inherited)",
					"@executable_path/Frameworks",
				);
				PRODUCT_BUNDLE_IDENTIFIER = Octatrades.Testfunction;
				PRODUCT_NAME = "$(TARGET_NAME)";
				SWIFT_OBJC_BRIDGING_HEADER = "Testfunction-Bridging-Header.h";
				SWIFT_VERSION = 4.0;
				TARGETED_DEVICE_FAMILY = "1,2";
			};
			name = Release;
		};
/* End XCBuildConfiguration section */

/* Begin XCConfigurationList section */
		D7919E5B20EB58A50070D58C /* Build configuration list for PBXProject "Testfunction" */ = {
			isa = XCConfigurationList;
			buildConfigurations = (
				D7919E7020EB58A50070D58C /* Debug */,
				D7919E7120EB58A50070D58C /* Release */,
			);
			defaultConfigurationIsVisible = 0;
			defaultConfigurationName = Release;
		};
		D7919E7220EB58A50070D58C /* Build configuration list for PBXNativeTarget "Testfunction" */ = {
			isa = XCConfigurationList;
			buildConfigurations = (
				D7919E7320EB58A50070D58C /* Debug */,
				D7919E7420EB58A50070D58C /* Release */,
			);
			defaultConfigurationIsVisible = 0;
			defaultConfigurationName = Release;
		};
/* End XCConfigurationList section */
	};
	rootObject = D7919E5820EB58A50070D58C /* Project object */;
}
